// !$*UTF8*$!
{
	archiveVersion = 1;
	classes = {
	};
	objectVersion = 55;
	objects = {

/* Begin PBXBuildFile section */
		2000B2B328333F2600D40462 /* AppDelegate.m in Sources */ = {isa = PBXBuildFile; fileRef = 2000B2B228333F2600D40462 /* AppDelegate.m */; };
		2000B2B628333F2600D40462 /* SceneDelegate.m in Sources */ = {isa = PBXBuildFile; fileRef = 2000B2B528333F2600D40462 /* SceneDelegate.m */; };
		2000B2B928333F2600D40462 /* ViewController.m in Sources */ = {isa = PBXBuildFile; fileRef = 2000B2B828333F2600D40462 /* ViewController.m */; };
		2000B2BC28333F2600D40462 /* Main.storyboard in Resources */ = {isa = PBXBuildFile; fileRef = 2000B2BA28333F2600D40462 /* Main.storyboard */; };
		2000B2BE28333F2800D40462 /* Assets.xcassets in Resources */ = {isa = PBXBuildFile; fileRef = 2000B2BD28333F2800D40462 /* Assets.xcassets */; };
		2000B2C128333F2800D40462 /* LaunchScreen.storyboard in Resources */ = {isa = PBXBuildFile; fileRef = 2000B2BF28333F2800D40462 /* LaunchScreen.storyboard */; };
		2000B2C428333F2800D40462 /* main.m in Sources */ = {isa = PBXBuildFile; fileRef = 2000B2C328333F2800D40462 /* main.m */; };
		2062CB2F28484D32009FCC7F /* STPerson.m in Sources */ = {isa = PBXBuildFile; fileRef = 2062CB2E28484D32009FCC7F /* STPerson.m */; };
		20970E3B286077B20009A4A3 /* STStudent.m in Sources */ = {isa = PBXBuildFile; fileRef = 20970E3A286077B20009A4A3 /* STStudent.m */; };
		20AE02DF28D161F600FB98B9 /* RWLock.m in Sources */ = {isa = PBXBuildFile; fileRef = 20AE02DE28D161F600FB98B9 /* RWLock.m */; };
		20C7FC1D28C9B96400923B59 /* LockVC.m in Sources */ = {isa = PBXBuildFile; fileRef = 20C7FC1C28C9B96400923B59 /* LockVC.m */; };
/* End PBXBuildFile section */

/* Begin PBXCopyFilesBuildPhase section */
		2000B2CE28333FEF00D40462 /* Embed Frameworks */ = {
			isa = PBXCopyFilesBuildPhase;
			buildActionMask = 2147483647;
			dstPath = "";
			dstSubfolderSpec = 10;
			files = (
			);
			name = "Embed Frameworks";
			runOnlyForDeploymentPostprocessing = 0;
		};
/* End PBXCopyFilesBuildPhase section */

/* Begin PBXFileReference section */
		2000B2AE28333F2600D40462 /* LockDemo.app */ = {isa = PBXFileReference; explicitFileType = wrapper.application; includeInIndex = 0; path = LockDemo.app; sourceTree = BUILT_PRODUCTS_DIR; };
		2000B2B128333F2600D40462 /* AppDelegate.h */ = {isa = PBXFileReference; lastKnownFileType = sourcecode.c.h; path = AppDelegate.h; sourceTree = "<group>"; };
		2000B2B228333F2600D40462 /* AppDelegate.m */ = {isa = PBXFileReference; lastKnownFileType = sourcecode.c.objc; path = AppDelegate.m; sourceTree = "<group>"; };
		2000B2B428333F2600D40462 /* SceneDelegate.h */ = {isa = PBXFileReference; lastKnownFileType = sourcecode.c.h; path = SceneDelegate.h; sourceTree = "<group>"; };
		2000B2B528333F2600D40462 /* SceneDelegate.m */ = {isa = PBXFileReference; lastKnownFileType = sourcecode.c.objc; path = SceneDelegate.m; sourceTree = "<group>"; };
		2000B2B728333F2600D40462 /* ViewController.h */ = {isa = PBXFileReference; lastKnownFileType = sourcecode.c.h; path = ViewController.h; sourceTree = "<group>"; };
		2000B2B828333F2600D40462 /* ViewController.m */ = {isa = PBXFileReference; lastKnownFileType = sourcecode.c.objc; path = ViewController.m; sourceTree = "<group>"; };
		2000B2BB28333F2600D40462 /* Base */ = {isa = PBXFileReference; lastKnownFileType = file.storyboard; name = Base; path = Base.lproj/Main.storyboard; sourceTree = "<group>"; };
		2000B2BD28333F2800D40462 /* Assets.xcassets */ = {isa = PBXFileReference; lastKnownFileType = folder.assetcatalog; path = Assets.xcassets; sourceTree = "<group>"; };
		2000B2C028333F2800D40462 /* Base */ = {isa = PBXFileReference; lastKnownFileType = file.storyboard; name = Base; path = Base.lproj/LaunchScreen.storyboard; sourceTree = "<group>"; };
		2000B2C228333F2800D40462 /* Info.plist */ = {isa = PBXFileReference; lastKnownFileType = text.plist.xml; path = Info.plist; sourceTree = "<group>"; };
		2000B2C328333F2800D40462 /* main.m */ = {isa = PBXFileReference; lastKnownFileType = sourcecode.c.objc; path = main.m; sourceTree = "<group>"; };
		2062CB2D28484D32009FCC7F /* STPerson.h */ = {isa = PBXFileReference; lastKnownFileType = sourcecode.c.h; path = STPerson.h; sourceTree = "<group>"; };
		2062CB2E28484D32009FCC7F /* STPerson.m */ = {isa = PBXFileReference; lastKnownFileType = sourcecode.c.objc; path = STPerson.m; sourceTree = "<group>"; };
		20970E39286077B20009A4A3 /* STStudent.h */ = {isa = PBXFileReference; lastKnownFileType = sourcecode.c.h; path = STStudent.h; sourceTree = "<group>"; };
		20970E3A286077B20009A4A3 /* STStudent.m */ = {isa = PBXFileReference; lastKnownFileType = sourcecode.c.objc; path = STStudent.m; sourceTree = "<group>"; };
		20AE02DD28D161F600FB98B9 /* RWLock.h */ = {isa = PBXFileReference; lastKnownFileType = sourcecode.c.h; path = RWLock.h; sourceTree = "<group>"; };
		20AE02DE28D161F600FB98B9 /* RWLock.m */ = {isa = PBXFileReference; lastKnownFileType = sourcecode.c.objc; path = RWLock.m; sourceTree = "<group>"; };
		20C7FC1B28C9B96400923B59 /* LockVC.h */ = {isa = PBXFileReference; lastKnownFileType = sourcecode.c.h; path = LockVC.h; sourceTree = "<group>"; };
		20C7FC1C28C9B96400923B59 /* LockVC.m */ = {isa = PBXFileReference; lastKnownFileType = sourcecode.c.objc; path = LockVC.m; sourceTree = "<group>"; };
/* End PBXFileReference section */

/* Begin PBXFrameworksBuildPhase section */
		2000B2AB28333F2600D40462 /* Frameworks */ = {
			isa = PBXFrameworksBuildPhase;
			buildActionMask = 2147483647;
			files = (
			);
			runOnlyForDeploymentPostprocessing = 0;
		};
/* End PBXFrameworksBuildPhase section */

/* Begin PBXGroup section */
		2000B2A528333F2600D40462 = {
			isa = PBXGroup;
			children = (
				2000B2B028333F2600D40462 /* LockDemo */,
				2000B2AF28333F2600D40462 /* Products */,
				2000B2CA28333FEF00D40462 /* Frameworks */,
			);
			sourceTree = "<group>";
		};
		2000B2AF28333F2600D40462 /* Products */ = {
			isa = PBXGroup;
			children = (
				2000B2AE28333F2600D40462 /* LockDemo.app */,
			);
			name = Products;
			sourceTree = "<group>";
		};
		2000B2B028333F2600D40462 /* LockDemo */ = {
			isa = PBXGroup;
			children = (
				2000B2B128333F2600D40462 /* AppDelegate.h */,
				2000B2B228333F2600D40462 /* AppDelegate.m */,
				2000B2B428333F2600D40462 /* SceneDelegate.h */,
				2000B2B528333F2600D40462 /* SceneDelegate.m */,
				2000B2B728333F2600D40462 /* ViewController.h */,
				2000B2B828333F2600D40462 /* ViewController.m */,
				2062CB2D28484D32009FCC7F /* STPerson.h */,
				2062CB2E28484D32009FCC7F /* STPerson.m */,
				20970E39286077B20009A4A3 /* STStudent.h */,
				20970E3A286077B20009A4A3 /* STStudent.m */,
				20C7FC1B28C9B96400923B59 /* LockVC.h */,
				20C7FC1C28C9B96400923B59 /* LockVC.m */,
				20AE02DD28D161F600FB98B9 /* RWLock.h */,
				20AE02DE28D161F600FB98B9 /* RWLock.m */,
				2000B2BA28333F2600D40462 /* Main.storyboard */,
				2000B2BD28333F2800D40462 /* Assets.xcassets */,
				2000B2BF28333F2800D40462 /* LaunchScreen.storyboard */,
				2000B2C228333F2800D40462 /* Info.plist */,
				2000B2C328333F2800D40462 /* main.m */,
			);
			path = LockDemo;
			sourceTree = "<group>";
		};
		2000B2CA28333FEF00D40462 /* Frameworks */ = {
			isa = PBXGroup;
			children = (
			);
			name = Frameworks;
			sourceTree = "<group>";
		};
/* End PBXGroup section */

/* Begin PBXNativeTarget section */
		2000B2AD28333F2600D40462 /* LockDemo */ = {
			isa = PBXNativeTarget;
			buildConfigurationList = 2000B2C728333F2800D40462 /* Build configuration list for PBXNativeTarget "LockDemo" */;
			buildPhases = (
				2000B2AA28333F2600D40462 /* Sources */,
				2000B2AB28333F2600D40462 /* Frameworks */,
				2000B2AC28333F2600D40462 /* Resources */,
				2000B2CE28333FEF00D40462 /* Embed Frameworks */,
			);
			buildRules = (
			);
			dependencies = (
			);
			name = LockDemo;
			productName = TXIMDemo;
			productReference = 2000B2AE28333F2600D40462 /* LockDemo.app */;
			productType = "com.apple.product-type.application";
		};
/* End PBXNativeTarget section */

/* Begin PBXProject section */
		2000B2A628333F2600D40462 /* Project object */ = {
			isa = PBXProject;
			attributes = {
				BuildIndependentTargetsInParallel = 1;
				LastUpgradeCheck = 1320;
				TargetAttributes = {
					2000B2AD28333F2600D40462 = {
						CreatedOnToolsVersion = 13.2;
					};
				};
			};
			buildConfigurationList = 2000B2A928333F2600D40462 /* Build configuration list for PBXProject "LockDemo" */;
			compatibilityVersion = "Xcode 13.0";
			developmentRegion = en;
			hasScannedForEncodings = 0;
			knownRegions = (
				en,
				Base,
			);
			mainGroup = 2000B2A528333F2600D40462;
			productRefGroup = 2000B2AF28333F2600D40462 /* Products */;
			projectDirPath = "";
			projectRoot = "";
			targets = (
				2000B2AD28333F2600D40462 /* LockDemo */,
			);
		};
/* End PBXProject section */

/* Begin PBXResourcesBuildPhase section */
		2000B2AC28333F2600D40462 /* Resources */ = {
			isa = PBXResourcesBuildPhase;
			buildActionMask = 2147483647;
			files = (
				2000B2C128333F2800D40462 /* LaunchScreen.storyboard in Resources */,
				2000B2BE28333F2800D40462 /* Assets.xcassets in Resources */,
				2000B2BC28333F2600D40462 /* Main.storyboard in Resources */,
			);
			runOnlyForDeploymentPostprocessing = 0;
		};
/* End PBXResourcesBuildPhase section */

/* Begin PBXSourcesBuildPhase section */
		2000B2AA28333F2600D40462 /* Sources */ = {
			isa = PBXSourcesBuildPhase;
			buildActionMask = 2147483647;
			files = (
				2000B2B928333F2600D40462 /* ViewController.m in Sources */,
				2000B2B328333F2600D40462 /* AppDelegate.m in Sources */,
				20C7FC1D28C9B96400923B59 /* LockVC.m in Sources */,
				20970E3B286077B20009A4A3 /* STStudent.m in Sources */,
				2062CB2F28484D32009FCC7F /* STPerson.m in Sources */,
				20AE02DF28D161F600FB98B9 /* RWLock.m in Sources */,
				2000B2C428333F2800D40462 /* main.m in Sources */,
				2000B2B628333F2600D40462 /* SceneDelegate.m in Sources */,
			);
			runOnlyForDeploymentPostprocessing = 0;
		};
/* End PBXSourcesBuildPhase section */

/* Begin PBXVariantGroup section */
		2000B2BA28333F2600D40462 /* Main.storyboard */ = {
			isa = PBXVariantGroup;
			children = (
				2000B2BB28333F2600D40462 /* Base */,
			);
			name = Main.storyboard;
			sourceTree = "<group>";
		};
		2000B2BF28333F2800D40462 /* LaunchScreen.storyboard */ = {
			isa = PBXVariantGroup;
			children = (
				2000B2C028333F2800D40462 /* Base */,
			);
			name = LaunchScreen.storyboard;
			sourceTree = "<group>";
		};
/* End PBXVariantGroup section */

/* Begin XCBuildConfiguration section */
		2000B2C528333F2800D40462 /* Debug */ = {
			isa = XCBuildConfiguration;
			buildSettings = {
				ALWAYS_SEARCH_USER_PATHS = NO;
				CLANG_ANALYZER_NONNULL = YES;
				CLANG_ANALYZER_NUMBER_OBJECT_CONVERSION = YES_AGGRESSIVE;
				CLANG_CXX_LANGUAGE_STANDARD = "gnu++17";
				CLANG_CXX_LIBRARY = "libc++";
				CLANG_ENABLE_MODULES = YES;
				CLANG_ENABLE_OBJC_ARC = YES;
				CLANG_ENABLE_OBJC_WEAK = YES;
				CLANG_WARN_BLOCK_CAPTURE_AUTORELEASING = YES;
				CLANG_WARN_BOOL_CONVERSION = YES;
				CLANG_WARN_COMMA = YES;
				CLANG_WARN_CONSTANT_CONVERSION = YES;
				CLANG_WARN_DEPRECATED_OBJC_IMPLEMENTATIONS = YES;
				CLANG_WARN_DIRECT_OBJC_ISA_USAGE = YES_ERROR;
				CLANG_WARN_DOCUMENTATION_COMMENTS = YES;
				CLANG_WARN_EMPTY_BODY = YES;
				CLANG_WARN_ENUM_CONVERSION = YES;
				CLANG_WARN_INFINITE_RECURSION = YES;
				CLANG_WARN_INT_CONVERSION = YES;
				CLANG_WARN_NON_LITERAL_NULL_CONVERSION = YES;
				CLANG_WARN_OBJC_IMPLICIT_RETAIN_SELF = YES;
				CLANG_WARN_OBJC_LITERAL_CONVERSION = YES;
				CLANG_WARN_OBJC_ROOT_CLASS = YES_ERROR;
				CLANG_WARN_QUOTED_INCLUDE_IN_FRAMEWORK_HEADER = YES;
				CLANG_WARN_RANGE_LOOP_ANALYSIS = YES;
				CLANG_WARN_STRICT_PROTOTYPES = YES;
				CLANG_WARN_SUSPICIOUS_MOVE = YES;
				CLANG_WARN_UNGUARDED_AVAILABILITY = YES_AGGRESSIVE;
				CLANG_WARN_UNREACHABLE_CODE = YES;
				CLANG_WARN__DUPLICATE_METHOD_MATCH = YES;
				COPY_PHASE_STRIP = NO;
				DEBUG_INFORMATION_FORMAT = dwarf;
				ENABLE_STRICT_OBJC_MSGSEND = YES;
				ENABLE_TESTABILITY = YES;
				GCC_C_LANGUAGE_STANDARD = gnu11;
				GCC_DYNAMIC_NO_PIC = NO;
				GCC_NO_COMMON_BLOCKS = YES;
				GCC_OPTIMIZATION_LEVEL = 0;
				GCC_PREPROCESSOR_DEFINITIONS = (
					"DEBUG=1",
					"$(inherited)",
				);
				GCC_WARN_64_TO_32_BIT_CONVERSION = YES;
				GCC_WARN_ABOUT_RETURN_TYPE = YES_ERROR;
				GCC_WARN_UNDECLARED_SELECTOR = YES;
				GCC_WARN_UNINITIALIZED_AUTOS = YES_AGGRESSIVE;
				GCC_WARN_UNUSED_FUNCTION = YES;
				GCC_WARN_UNUSED_VARIABLE = YES;
				IPHONEOS_DEPLOYMENT_TARGET = 10.0;
				MTL_ENABLE_DEBUG_INFO = INCLUDE_SOURCE;
				MTL_FAST_MATH = YES;
				ONLY_ACTIVE_ARCH = YES;
				SDKROOT = iphoneos;
			};
			name = Debug;
		};
		2000B2C628333F2800D40462 /* Release */ = {
			isa = XCBuildConfiguration;
			buildSettings = {
				ALWAYS_SEARCH_USER_PATHS = NO;
				CLANG_ANALYZER_NONNULL = YES;
				CLANG_ANALYZER_NUMBER_OBJECT_CONVERSION = YES_AGGRESSIVE;
				CLANG_CXX_LANGUAGE_STANDARD = "gnu++17";
				CLANG_CXX_LIBRARY = "libc++";
				CLANG_ENABLE_MODULES = YES;
				CLANG_ENABLE_OBJC_ARC = YES;
				CLANG_ENABLE_OBJC_WEAK = YES;
				CLANG_WARN_BLOCK_CAPTURE_AUTORELEASING = YES;
				CLANG_WARN_BOOL_CONVERSION = YES;
				CLANG_WARN_COMMA = YES;
				CLANG_WARN_CONSTANT_CONVERSION = YES;
				CLANG_WARN_DEPRECATED_OBJC_IMPLEMENTATIONS = YES;
				CLANG_WARN_DIRECT_OBJC_ISA_USAGE = YES_ERROR;
				CLANG_WARN_DOCUMENTATION_COMMENTS = YES;
				CLANG_WARN_EMPTY_BODY = YES;
				CLANG_WARN_ENUM_CONVERSION = YES;
				CLANG_WARN_INFINITE_RECURSION = YES;
				CLANG_WARN_INT_CONVERSION = YES;
				CLANG_WARN_NON_LITERAL_NULL_CONVERSION = YES;
				CLANG_WARN_OBJC_IMPLICIT_RETAIN_SELF = YES;
				CLANG_WARN_OBJC_LITERAL_CONVERSION = YES;
				CLANG_WARN_OBJC_ROOT_CLASS = YES_ERROR;
				CLANG_WARN_QUOTED_INCLUDE_IN_FRAMEWORK_HEADER = YES;
				CLANG_WARN_RANGE_LOOP_ANALYSIS = YES;
				CLANG_WARN_STRICT_PROTOTYPES = YES;
				CLANG_WARN_SUSPICIOUS_MOVE = YES;
				CLANG_WARN_UNGUARDED_AVAILABILITY = YES_AGGRESSIVE;
				CLANG_WARN_UNREACHABLE_CODE = YES;
				CLANG_WARN__DUPLICATE_METHOD_MATCH = YES;
				COPY_PHASE_STRIP = NO;
				DEBUG_INFORMATION_FORMAT = "dwarf-with-dsym";
				ENABLE_NS_ASSERTIONS = NO;
				ENABLE_STRICT_OBJC_MSGSEND = YES;
				GCC_C_LANGUAGE_STANDARD = gnu11;
				GCC_NO_COMMON_BLOCKS = YES;
				GCC_WARN_64_TO_32_BIT_CONVERSION = YES;
				GCC_WARN_ABOUT_RETURN_TYPE = YES_ERROR;
				GCC_WARN_UNDECLARED_SELECTOR = YES;
				GCC_WARN_UNINITIALIZED_AUTOS = YES_AGGRESSIVE;
				GCC_WARN_UNUSED_FUNCTION = YES;
				GCC_WARN_UNUSED_VARIABLE = YES;
				IPHONEOS_DEPLOYMENT_TARGET = 10.0;
				MTL_ENABLE_DEBUG_INFO = NO;
				MTL_FAST_MATH = YES;
				SDKROOT = iphoneos;
				VALIDATE_PRODUCT = YES;
			};
			name = Release;
		};
		2000B2C828333F2800D40462 /* Debug */ = {
			isa = XCBuildConfiguration;
			buildSettings = {
				ASSETCATALOG_COMPILER_APPICON_NAME = AppIcon;
				ASSETCATALOG_COMPILER_GLOBAL_ACCENT_COLOR_NAME = AccentColor;
				CODE_SIGN_STYLE = Automatic;
				CURRENT_PROJECT_VERSION = 1;
				DEVELOPMENT_TEAM = 368N8MLT2Q;
				GENERATE_INFOPLIST_FILE = YES;
				INFOPLIST_FILE = TXIMDemo/Info.plist;
				INFOPLIST_KEY_UIApplicationSupportsIndirectInputEvents = YES;
				INFOPLIST_KEY_UILaunchStoryboardName = LaunchScreen;
				INFOPLIST_KEY_UIMainStoryboardFile = Main;
				INFOPLIST_KEY_UISupportedInterfaceOrientations_iPad = "UIInterfaceOrientationPortrait UIInterfaceOrientationPortraitUpsideDown UIInterfaceOrientationLandscapeLeft UIInterfaceOrientationLandscapeRight";
				INFOPLIST_KEY_UISupportedInterfaceOrientations_iPhone = "UIInterfaceOrientationPortrait UIInterfaceOrientationLandscapeLeft UIInterfaceOrientationLandscapeRight";
				LD_RUNPATH_SEARCH_PATHS = (
					"$(inherited)",
					"@executable_path/Frameworks",
				);
				MARKETING_VERSION = 1.0;
				OTHER_LDFLAGS = "-ObjC";
				PRODUCT_BUNDLE_IDENTIFIER = com.onecloud.powerone.TXIMDemo;
				PRODUCT_NAME = "$(TARGET_NAME)";
				SWIFT_EMIT_LOC_STRINGS = YES;
				TARGETED_DEVICE_FAMILY = "1,2";
				VALIDATE_WORKSPACE = YES;
			};
			name = Debug;
		};
		2000B2C928333F2800D40462 /* Release */ = {
			isa = XCBuildConfiguration;
			buildSettings = {
				ASSETCATALOG_COMPILER_APPICON_NAME = AppIcon;
				ASSETCATALOG_COMPILER_GLOBAL_ACCENT_COLOR_NAME = AccentColor;
				CODE_SIGN_STYLE = Automatic;
				CURRENT_PROJECT_VERSION = 1;
				DEVELOPMENT_TEAM = 368N8MLT2Q;
				GENERATE_INFOPLIST_FILE = YES;
				INFOPLIST_FILE = TXIMDemo/Info.plist;
				INFOPLIST_KEY_UIApplicationSupportsIndirectInputEvents = YES;
				INFOPLIST_KEY_UILaunchStoryboardName = LaunchScreen;
				INFOPLIST_KEY_UIMainStoryboardFile = Main;
				INFOPLIST_KEY_UISupportedInterfaceOrientations_iPad = "UIInterfaceOrientationPortrait UIInterfaceOrientationPortraitUpsideDown UIInterfaceOrientationLandscapeLeft UIInterfaceOrientationLandscapeRight";
				INFOPLIST_KEY_UISupportedInterfaceOrientations_iPhone = "UIInterfaceOrientationPortrait UIInterfaceOrientationLandscapeLeft UIInterfaceOrientationLandscapeRight";
				LD_RUNPATH_SEARCH_PATHS = (
					"$(inherited)",
					"@executable_path/Frameworks",
				);
				MARKETING_VERSION = 1.0;
				OTHER_LDFLAGS = "-ObjC";
				PRODUCT_BUNDLE_IDENTIFIER = com.onecloud.powerone.TXIMDemo;
				PRODUCT_NAME = "$(TARGET_NAME)";
				SWIFT_EMIT_LOC_STRINGS = YES;
				TARGETED_DEVICE_FAMILY = "1,2";
				VALIDATE_WORKSPACE = YES;
			};
			name = Release;
		};
/* End XCBuildConfiguration section */

/* Begin XCConfigurationList section */
		2000B2A928333F2600D40462 /* Build configuration list for PBXProject "LockDemo" */ = {
			isa = XCConfigurationList;
			buildConfigurations = (
				2000B2C528333F2800D40462 /* Debug */,
				2000B2C628333F2800D40462 /* Release */,
			);
			defaultConfigurationIsVisible = 0;
			defaultConfigurationName = Release;
		};
		2000B2C728333F2800D40462 /* Build configuration list for PBXNativeTarget "LockDemo" */ = {
			isa = XCConfigurationList;
			buildConfigurations = (
				2000B2C828333F2800D40462 /* Debug */,
				2000B2C928333F2800D40462 /* Release */,
			);
			defaultConfigurationIsVisible = 0;
			defaultConfigurationName = Release;
		};
/* End XCConfigurationList section */
	};
	rootObject = 2000B2A628333F2600D40462 /* Project object */;
}
